
Microsoft Visual Studio Solution File, Format Version 12.00
# Visual Studio Version 16
VisualStudioVersion = 16.0.29613.14
MinimumVisualStudioVersion = 10.0.40219.1
Project("{FAE04EC0-301F-11D3-BF4B-00C04F79EFBC}") = "Storage Master", "Storage Master\Storage Master.csproj", "{4043563D-FA00-400E-8520-42EF42F427DB}"
EndProject
Global
	GlobalSection(SolutionConfigurationPlatforms) = preSolution
		Debug|Any CPU = Debug|Any CPU
		Release|Any CPU = Release|Any CPU
	EndGlobalSection
	GlobalSection(ProjectConfigurationPlatforms) = postSolution
		{4043563D-FA00-400E-8520-42EF42F427DB}.Debug|Any CPU.ActiveCfg = Debug|Any CPU
		{4043563D-FA00-400E-8520-42EF42F427DB}.Debug|Any CPU.Build.0 = Debug|Any CPU
		{4043563D-FA00-400E-8520-42EF42F427DB}.Release|Any CPU.ActiveCfg = Release|Any CPU
		{4043563D-FA00-400E-8520-42EF42F427DB}.Release|Any CPU.Build.0 = Release|Any CPU
	EndGlobalSection
	GlobalSection(SolutionProperties) = preSolution
		HideSolutionNode = FALSE
	EndGlobalSection
	GlobalSection(ExtensibilityGlobals) = postSolution
		SolutionGuid = {AAC52814-518D-4602-9617-43D300091BD1}
	EndGlobalSection
EndGlobal
